
Microsoft Visual Studio Solution File, Format Version 12.00
Project("{FAE04EC0-301F-11D3-BF4B-00C04F79EFBC}") = "Client", "Client\Client.csproj", "{77C59E3B-2C2D-40B6-AD44-8FA05F032548}"
EndProject
Global
	GlobalSection(SolutionConfigurationPlatforms) = preSolution
		Debug|Any CPU = Debug|Any CPU
		Release|Any CPU = Release|Any CPU
	EndGlobalSection
	GlobalSection(ProjectConfigurationPlatforms) = postSolution
		{77C59E3B-2C2D-40B6-AD44-8FA05F032548}.Debug|Any CPU.ActiveCfg = Debug|Any CPU
		{77C59E3B-2C2D-40B6-AD44-8FA05F032548}.Debug|Any CPU.Build.0 = Debug|Any CPU
		{77C59E3B-2C2D-40B6-AD44-8FA05F032548}.Release|Any CPU.ActiveCfg = Release|Any CPU
		{77C59E3B-2C2D-40B6-AD44-8FA05F032548}.Release|Any CPU.Build.0 = Release|Any CPU
	EndGlobalSection
EndGlobal
